{
  "name": "trace.moe-www",
  "version": "2.0.0",
  "lockfileVersion": 2,
  "requires": true,
  "packages": {
    "": {
      "name": "trace.moe-www",
      "version": "2.0.0",
      "license": "MIT",
      "dependencies": {
        "chart.js": "3.5.1",
        "next": "^12.1.2",
        "react": "^18.0.0",
        "react-chartjs-2": "^4.0.1",
        "react-dom": "^18.0.0"
      },
      "devDependencies": {
        "prettier": "^2.6.1"
      }
    },
    "node_modules/@next/env": {
      "version": "12.1.2",
      "resolved": "https://registry.npmjs.org/@next/env/-/env-12.1.2.tgz",
      "integrity": "sha512-A/P4ysmFScBFyu1ZV0Mr1Y89snyQhqGwsCrkEpK+itMF+y+pMqBoPVIyakUf4LXqGWJGiGFuIerihvSG70Ad8Q=="
    },
    "node_modules/@next/swc-android-arm-eabi": {
      "version": "12.1.2",
      "resolved": "https://registry.npmjs.org/@next/swc-android-arm-eabi/-/swc-android-arm-eabi-12.1.2.tgz",
      "integrity": "sha512-iwalfLBhYmCIlj09czFbovj1SmTycf0AGR8CB357wgmEN8xIuznIwSsCH87AhwQ9apfNtdeDhxvuKmhS9T3FqQ==",
      "cpu": [
        "arm"
      ],
      "optional": true,
      "os": [
        "android"
      ],
      "engines": {
        "node": ">= 10"
      }
    },
    "node_modules/@next/swc-android-arm64": {
      "version": "12.1.2",
      "resolved": "https://registry.npmjs.org/@next/swc-android-arm64/-/swc-android-arm64-12.1.2.tgz",
      "integrity": "sha512-ZoR0Vx7czJhTgRAcFbzTKQc2n2ChC036/uc6PbgYiI/LreEnfmsV/CiREP0pUVs5ndntOX8kBA3BSbh4zCO5tQ==",
      "cpu": [
        "arm64"
      ],
      "optional": true,
      "os": [
        "android"
      ],
      "engines": {
        "node": ">= 10"
      }
    },
    "node_modules/@next/swc-darwin-arm64": {
      "version": "12.1.2",
      "resolved": "https://registry.npmjs.org/@next/swc-darwin-arm64/-/swc-darwin-arm64-12.1.2.tgz",
      "integrity": "sha512-VXv7lpqFjHwkK65CZHkjvBxlSBTG+l3O0Zl2zHniHj0xHzxJZvR8VFjV2zIMZCYSfVqeQ5yt2rjwuQ9zbpGtXQ==",
      "cpu": [
        "arm64"
      ],
      "optional": true,
      "os": [
        "darwin"
      ],
      "engines": {
        "node": ">= 10"
      }
    },
    "node_modules/@next/swc-darwin-x64": {
      "version": "12.1.2",
      "resolved": "https://registry.npmjs.org/@next/swc-darwin-x64/-/swc-darwin-x64-12.1.2.tgz",
      "integrity": "sha512-evXxJQnXEnU+heWyun7d0UV6bhBcmoiyFGR3O3v9qdhGbeXh+SXYVxRO69juuh6V7RWRdlb1KQ0rGUNa1k0XSw==",
      "cpu": [
        "x64"
      ],
      "optional": true,
      "os": [
        "darwin"
      ],
      "engines": {
        "node": ">= 10"
      }
    },
    "node_modules/@next/swc-linux-arm-gnueabihf": {
      "version": "12.1.2",
      "resolved": "https://registry.npmjs.org/@next/swc-linux-arm-gnueabihf/-/swc-linux-arm-gnueabihf-12.1.2.tgz",
      "integrity": "sha512-LJV/wo6R0Ot7Y/20bZs00aBG4J333RT6H/5Q2AROE4Hnx7cenSktSnfU6WCnJgzYLSIHdbLs549LcZMULuVquw==",
      "cpu": [
        "arm"
      ],
      "optional": true,
      "os": [
        "linux"
      ],
      "engines": {
        "node": ">= 10"
      }
    },
    "node_modules/@next/swc-linux-arm64-gnu": {
      "version": "12.1.2",
      "resolved": "https://registry.npmjs.org/@next/swc-linux-arm64-gnu/-/swc-linux-arm64-gnu-12.1.2.tgz",
      "integrity": "sha512-fjlYU1Y8kVjjRKyuyQBYLHPxjGOS2ox7U8TqAvtgKvd2PxqdsgW4sP+VDovRVPrZlGXNllKoJiqMO1OoR9fB6w==",
      "cpu": [
        "arm64"
      ],
      "optional": true,
      "os": [
        "linux"
      ],
      "engines": {
        "node": ">= 10"
      }
    },
    "node_modules/@next/swc-linux-arm64-musl": {
      "version": "12.1.2",
      "resolved": "https://registry.npmjs.org/@next/swc-linux-arm64-musl/-/swc-linux-arm64-musl-12.1.2.tgz",
      "integrity": "sha512-Y1JRDMHqSjLObjyrD1hf6ePrJcOF/mkw+LbAzoNgrHL1dSuIAqcz3jYunJt8T7Yw48xSJy6LPSL9BclAHwEwOA==",
      "cpu": [
        "arm64"
      ],
      "optional": true,
      "os": [
        "linux"
      ],
      "engines": {
        "node": ">= 10"
      }
    },
    "node_modules/@next/swc-linux-x64-gnu": {
      "version": "12.1.2",
      "resolved": "https://registry.npmjs.org/@next/swc-linux-x64-gnu/-/swc-linux-x64-gnu-12.1.2.tgz",
      "integrity": "sha512-5N4QSRT60ikQqCU8iHfYZzlhg6MFTLsKhMTARmhn8wLtZfN9VVyTFwZrJQWjV64dZc4JFeXDANGao8fm55y6bw==",
      "cpu": [
        "x64"
      ],
      "optional": true,
      "os": [
        "linux"
      ],
      "engines": {
        "node": ">= 10"
      }
    },
    "node_modules/@next/swc-linux-x64-musl": {
      "version": "12.1.2",
      "resolved": "https://registry.npmjs.org/@next/swc-linux-x64-musl/-/swc-linux-x64-musl-12.1.2.tgz",
      "integrity": "sha512-b32F/xAgdYG4Pt0foFzhF+2uhvNxnEj7aJNp1R4EhZotdej2PzvFWcP/dGkc7MJl205pBz5oC3gHyILIIlW6XA==",
      "cpu": [
        "x64"
      ],
      "optional": true,
      "os": [
        "linux"
      ],
      "engines": {
        "node": ">= 10"
      }
    },
    "node_modules/@next/swc-win32-arm64-msvc": {
      "version": "12.1.2",
      "resolved": "https://registry.npmjs.org/@next/swc-win32-arm64-msvc/-/swc-win32-arm64-msvc-12.1.2.tgz",
      "integrity": "sha512-hVOcGmWDeVwO00Aclopsj6MoYhfJl5zA4vjAai9KjgclQTFZa/DC0vQjgKAHHKGT5oMHgjiq/G7L6P1/UfwYnw==",
      "cpu": [
        "arm64"
      ],
      "optional": true,
      "os": [
        "win32"
      ],
      "engines": {
        "node": ">= 10"
      }
    },
    "node_modules/@next/swc-win32-ia32-msvc": {
      "version": "12.1.2",
      "resolved": "https://registry.npmjs.org/@next/swc-win32-ia32-msvc/-/swc-win32-ia32-msvc-12.1.2.tgz",
      "integrity": "sha512-wnVDGIVz2pR3vIkyN6IE+1NvMSBrBj1jba11iR16m8TAPzZH/PrNsxr0a9N5VavEXXLcQpoUVvT+N7nflbRAHg==",
      "cpu": [
        "ia32"
      ],
      "optional": true,
      "os": [
        "win32"
      ],
      "engines": {
        "node": ">= 10"
      }
    },
    "node_modules/@next/swc-win32-x64-msvc": {
      "version": "12.1.2",
      "resolved": "https://registry.npmjs.org/@next/swc-win32-x64-msvc/-/swc-win32-x64-msvc-12.1.2.tgz",
      "integrity": "sha512-MLNcurEpQp0+7OU9261f7PkN52xTGkfrt4IYTIXau7DO/aHj927oK6piIJdl9EOHdX/KN5W6qlyErj170PSHtw==",
      "cpu": [
        "x64"
      ],
      "optional": true,
      "os": [
        "win32"
      ],
      "engines": {
        "node": ">= 10"
      }
    },
    "node_modules/caniuse-lite": {
      "version": "1.0.30001303",
      "resolved": "https://registry.npmjs.org/caniuse-lite/-/caniuse-lite-1.0.30001303.tgz",
      "integrity": "sha512-/Mqc1oESndUNszJP0kx0UaQU9kEv9nNtJ7Kn8AdA0mNnH8eR1cj0kG+NbNuC1Wq/b21eA8prhKRA3bbkjONegQ==",
      "funding": {
        "type": "opencollective",
        "url": "https://opencollective.com/browserslist"
      }
    },
    "node_modules/chart.js": {
      "version": "3.5.1",
      "resolved": "https://registry.npmjs.org/chart.js/-/chart.js-3.5.1.tgz",
      "integrity": "sha512-m5kzt72I1WQ9LILwQC4syla/LD/N413RYv2Dx2nnTkRS9iv/ey1xLTt0DnPc/eWV4zI+BgEgDYBIzbQhZHc/PQ=="
    },
    "node_modules/js-tokens": {
      "version": "4.0.0",
      "resolved": "https://registry.npmjs.org/js-tokens/-/js-tokens-4.0.0.tgz",
      "integrity": "sha512-RdJUflcE3cUzKiMqQgsCu06FPu9UdIJO0beYbPhHN4k6apgJtifcoCtT9bcxOpYBtpD2kCM6Sbzg4CausW/PKQ=="
    },
    "node_modules/loose-envify": {
      "version": "1.4.0",
      "resolved": "https://registry.npmjs.org/loose-envify/-/loose-envify-1.4.0.tgz",
      "integrity": "sha512-lyuxPGr/Wfhrlem2CL/UcnUc1zcqKAImBDzukY7Y5F/yQiNdko6+fRLevlw1HgMySw7f611UIY408EtxRSoK3Q==",
      "dependencies": {
        "js-tokens": "^3.0.0 || ^4.0.0"
      },
      "bin": {
        "loose-envify": "cli.js"
      }
    },
    "node_modules/nanoid": {
      "version": "3.2.0",
      "resolved": "https://registry.npmjs.org/nanoid/-/nanoid-3.2.0.tgz",
      "integrity": "sha512-fmsZYa9lpn69Ad5eDn7FMcnnSR+8R34W9qJEijxYhTbfOWzr22n1QxCMzXLK+ODyW2973V3Fux959iQoUxzUIA==",
      "bin": {
        "nanoid": "bin/nanoid.cjs"
      },
      "engines": {
        "node": "^10 || ^12 || ^13.7 || ^14 || >=15.0.1"
      }
    },
    "node_modules/next": {
      "version": "12.1.2",
      "resolved": "https://registry.npmjs.org/next/-/next-12.1.2.tgz",
      "integrity": "sha512-JHPCsnFTBO0Z4SQxSYc611UA1WA+r/3y3Neg66AH5/gSO/oksfRnFw/zGX/FZ9+oOUHS9y3wJFawNpVYR2gJSQ==",
      "dependencies": {
        "@next/env": "12.1.2",
        "caniuse-lite": "^1.0.30001283",
        "postcss": "8.4.5",
        "styled-jsx": "5.0.1",
        "use-subscription": "1.5.1"
      },
      "bin": {
        "next": "dist/bin/next"
      },
      "engines": {
        "node": ">=12.22.0"
      },
      "optionalDependencies": {
        "@next/swc-android-arm-eabi": "12.1.2",
        "@next/swc-android-arm64": "12.1.2",
        "@next/swc-darwin-arm64": "12.1.2",
        "@next/swc-darwin-x64": "12.1.2",
        "@next/swc-linux-arm-gnueabihf": "12.1.2",
        "@next/swc-linux-arm64-gnu": "12.1.2",
        "@next/swc-linux-arm64-musl": "12.1.2",
        "@next/swc-linux-x64-gnu": "12.1.2",
        "@next/swc-linux-x64-musl": "12.1.2",
        "@next/swc-win32-arm64-msvc": "12.1.2",
        "@next/swc-win32-ia32-msvc": "12.1.2",
        "@next/swc-win32-x64-msvc": "12.1.2"
      },
      "peerDependencies": {
        "fibers": ">= 3.1.0",
        "node-sass": "^6.0.0 || ^7.0.0",
        "react": "^17.0.2 || ^18.0.0-0",
        "react-dom": "^17.0.2 || ^18.0.0-0",
        "sass": "^1.3.0"
      },
      "peerDependenciesMeta": {
        "fibers": {
          "optional": true
        },
        "node-sass": {
          "optional": true
        },
        "sass": {
          "optional": true
        }
      }
    },
    "node_modules/next/node_modules/use-subscription": {
      "version": "1.5.1",
      "resolved": "https://registry.npmjs.org/use-subscription/-/use-subscription-1.5.1.tgz",
      "integrity": "sha512-Xv2a1P/yReAjAbhylMfFplFKj9GssgTwN7RlcTxBujFQcloStWNDQdc4g4NRWH9xS4i/FDk04vQBptAXoF3VcA==",
      "dependencies": {
        "object-assign": "^4.1.1"
      },
      "peerDependencies": {
        "react": "^16.8.0 || ^17.0.0"
      }
    },
    "node_modules/object-assign": {
      "version": "4.1.1",
      "resolved": "https://registry.npmjs.org/object-assign/-/object-assign-4.1.1.tgz",
      "integrity": "sha1-IQmtx5ZYh8/AXLvUQsrIv7s2CGM=",
      "engines": {
        "node": ">=0.10.0"
      }
    },
    "node_modules/picocolors": {
      "version": "1.0.0",
      "resolved": "https://registry.npmjs.org/picocolors/-/picocolors-1.0.0.tgz",
      "integrity": "sha512-1fygroTLlHu66zi26VoTDv8yRgm0Fccecssto+MhsZ0D/DGW2sm8E8AjW7NU5VVTRt5GxbeZ5qBuJr+HyLYkjQ=="
    },
    "node_modules/postcss": {
      "version": "8.4.5",
      "resolved": "https://registry.npmjs.org/postcss/-/postcss-8.4.5.tgz",
      "integrity": "sha512-jBDboWM8qpaqwkMwItqTQTiFikhs/67OYVvblFFTM7MrZjt6yMKd6r2kgXizEbTTljacm4NldIlZnhbjr84QYg==",
      "dependencies": {
        "nanoid": "^3.1.30",
        "picocolors": "^1.0.0",
        "source-map-js": "^1.0.1"
      },
      "engines": {
        "node": "^10 || ^12 || >=14"
      },
      "funding": {
        "type": "opencollective",
        "url": "https://opencollective.com/postcss/"
      }
    },
    "node_modules/prettier": {
      "version": "2.6.1",
      "resolved": "https://registry.npmjs.org/prettier/-/prettier-2.6.1.tgz",
      "integrity": "sha512-8UVbTBYGwN37Bs9LERmxCPjdvPxlEowx2urIL6urHzdb3SDq4B/Z6xLFCblrSnE4iKWcS6ziJ3aOYrc1kz/E2A==",
      "dev": true,
      "bin": {
        "prettier": "bin-prettier.js"
      },
      "engines": {
        "node": ">=10.13.0"
      },
      "funding": {
        "url": "https://github.com/prettier/prettier?sponsor=1"
      }
    },
    "node_modules/react": {
      "version": "18.0.0",
      "resolved": "https://registry.npmjs.org/react/-/react-18.0.0.tgz",
      "integrity": "sha512-x+VL6wbT4JRVPm7EGxXhZ8w8LTROaxPXOqhlGyVSrv0sB1jkyFGgXxJ8LVoPRLvPR6/CIZGFmfzqUa2NYeMr2A==",
      "dependencies": {
        "loose-envify": "^1.1.0"
      },
      "engines": {
        "node": ">=0.10.0"
      }
    },
    "node_modules/react-chartjs-2": {
      "version": "4.0.1",
      "resolved": "https://registry.npmjs.org/react-chartjs-2/-/react-chartjs-2-4.0.1.tgz",
      "integrity": "sha512-q8bgWzKoFvBvD7YcjT/hXG8jt55TaMAuJ1dmI3tKFJ7CijUWYz4pIfOhkTI6PBTwqu/pmeWsClBRd/7HiWzN1g==",
      "peerDependencies": {
        "chart.js": "^3.5.0",
        "react": "^16.8.0 || ^17.0.0"
      }
    },
    "node_modules/react-dom": {
      "version": "18.0.0",
      "resolved": "https://registry.npmjs.org/react-dom/-/react-dom-18.0.0.tgz",
      "integrity": "sha512-XqX7uzmFo0pUceWFCt7Gff6IyIMzFUn7QMZrbrQfGxtaxXZIcGQzoNpRLE3fQLnS4XzLLPMZX2T9TRcSrasicw==",
      "dependencies": {
        "loose-envify": "^1.1.0",
        "scheduler": "^0.21.0"
      },
      "peerDependencies": {
        "react": "^18.0.0"
      }
    },
    "node_modules/scheduler": {
      "version": "0.21.0",
      "resolved": "https://registry.npmjs.org/scheduler/-/scheduler-0.21.0.tgz",
      "integrity": "sha512-1r87x5fz9MXqswA2ERLo0EbOAU74DpIUO090gIasYTqlVoJeMcl+Z1Rg7WHz+qtPujhS/hGIt9kxZOYBV3faRQ==",
      "dependencies": {
        "loose-envify": "^1.1.0"
      }
    },
    "node_modules/source-map-js": {
      "version": "1.0.2",
      "resolved": "https://registry.npmjs.org/source-map-js/-/source-map-js-1.0.2.tgz",
      "integrity": "sha512-R0XvVJ9WusLiqTCEiGCmICCMplcCkIwwR11mOSD9CR5u+IXYdiseeEuXCVAjS54zqwkLcPNnmU4OeJ6tUrWhDw==",
      "engines": {
        "node": ">=0.10.0"
      }
    },
    "node_modules/styled-jsx": {
      "version": "5.0.1",
      "resolved": "https://registry.npmjs.org/styled-jsx/-/styled-jsx-5.0.1.tgz",
      "integrity": "sha512-+PIZ/6Uk40mphiQJJI1202b+/dYeTVd9ZnMPR80pgiWbjIwvN2zIp4r9et0BgqBuShh48I0gttPlAXA7WVvBxw==",
      "engines": {
        "node": ">= 12.0.0"
      },
      "peerDependencies": {
        "react": ">= 16.8.0 || 17.x.x || ^18.0.0-0"
      },
      "peerDependenciesMeta": {
        "@babel/core": {
          "optional": true
        },
        "babel-plugin-macros": {
          "optional": true
        }
      }
    }
  },
  "dependencies": {
    "@next/env": {
      "version": "12.1.2",
      "resolved": "https://registry.npmjs.org/@next/env/-/env-12.1.2.tgz",
      "integrity": "sha512-A/P4ysmFScBFyu1ZV0Mr1Y89snyQhqGwsCrkEpK+itMF+y+pMqBoPVIyakUf4LXqGWJGiGFuIerihvSG70Ad8Q=="
    },
    "@next/swc-android-arm-eabi": {
      "version": "12.1.2",
      "resolved": "https://registry.npmjs.org/@next/swc-android-arm-eabi/-/swc-android-arm-eabi-12.1.2.tgz",
      "integrity": "sha512-iwalfLBhYmCIlj09czFbovj1SmTycf0AGR8CB357wgmEN8xIuznIwSsCH87AhwQ9apfNtdeDhxvuKmhS9T3FqQ==",
      "optional": true
    },
    "@next/swc-android-arm64": {
      "version": "12.1.2",
      "resolved": "https://registry.npmjs.org/@next/swc-android-arm64/-/swc-android-arm64-12.1.2.tgz",
      "integrity": "sha512-ZoR0Vx7czJhTgRAcFbzTKQc2n2ChC036/uc6PbgYiI/LreEnfmsV/CiREP0pUVs5ndntOX8kBA3BSbh4zCO5tQ==",
      "optional": true
    },
    "@next/swc-darwin-arm64": {
      "version": "12.1.2",
      "resolved": "https://registry.npmjs.org/@next/swc-darwin-arm64/-/swc-darwin-arm64-12.1.2.tgz",
      "integrity": "sha512-VXv7lpqFjHwkK65CZHkjvBxlSBTG+l3O0Zl2zHniHj0xHzxJZvR8VFjV2zIMZCYSfVqeQ5yt2rjwuQ9zbpGtXQ==",
      "optional": true
    },
    "@next/swc-darwin-x64": {
      "version": "12.1.2",
      "resolved": "https://registry.npmjs.org/@next/swc-darwin-x64/-/swc-darwin-x64-12.1.2.tgz",
      "integrity": "sha512-evXxJQnXEnU+heWyun7d0UV6bhBcmoiyFGR3O3v9qdhGbeXh+SXYVxRO69juuh6V7RWRdlb1KQ0rGUNa1k0XSw==",
      "optional": true
    },
    "@next/swc-linux-arm-gnueabihf": {
      "version": "12.1.2",
      "resolved": "https://registry.npmjs.org/@next/swc-linux-arm-gnueabihf/-/swc-linux-arm-gnueabihf-12.1.2.tgz",
      "integrity": "sha512-LJV/wo6R0Ot7Y/20bZs00aBG4J333RT6H/5Q2AROE4Hnx7cenSktSnfU6WCnJgzYLSIHdbLs549LcZMULuVquw==",
      "optional": true
    },
    "@next/swc-linux-arm64-gnu": {
      "version": "12.1.2",
      "resolved": "https://registry.npmjs.org/@next/swc-linux-arm64-gnu/-/swc-linux-arm64-gnu-12.1.2.tgz",
      "integrity": "sha512-fjlYU1Y8kVjjRKyuyQBYLHPxjGOS2ox7U8TqAvtgKvd2PxqdsgW4sP+VDovRVPrZlGXNllKoJiqMO1OoR9fB6w==",
      "optional": true
    },
    "@next/swc-linux-arm64-musl": {
      "version": "12.1.2",
      "resolved": "https://registry.npmjs.org/@next/swc-linux-arm64-musl/-/swc-linux-arm64-musl-12.1.2.tgz",
      "integrity": "sha512-Y1JRDMHqSjLObjyrD1hf6ePrJcOF/mkw+LbAzoNgrHL1dSuIAqcz3jYunJt8T7Yw48xSJy6LPSL9BclAHwEwOA==",
      "optional": true
    },
    "@next/swc-linux-x64-gnu": {
      "version": "12.1.2",
      "resolved": "https://registry.npmjs.org/@next/swc-linux-x64-gnu/-/swc-linux-x64-gnu-12.1.2.tgz",
      "integrity": "sha512-5N4QSRT60ikQqCU8iHfYZzlhg6MFTLsKhMTARmhn8wLtZfN9VVyTFwZrJQWjV64dZc4JFeXDANGao8fm55y6bw==",
      "optional": true
    },
    "@next/swc-linux-x64-musl": {
      "version": "12.1.2",
      "resolved": "https://registry.npmjs.org/@next/swc-linux-x64-musl/-/swc-linux-x64-musl-12.1.2.tgz",
      "integrity": "sha512-b32F/xAgdYG4Pt0foFzhF+2uhvNxnEj7aJNp1R4EhZotdej2PzvFWcP/dGkc7MJl205pBz5oC3gHyILIIlW6XA==",
      "optional": true
    },
    "@next/swc-win32-arm64-msvc": {
      "version": "12.1.2",
      "resolved": "https://registry.npmjs.org/@next/swc-win32-arm64-msvc/-/swc-win32-arm64-msvc-12.1.2.tgz",
      "integrity": "sha512-hVOcGmWDeVwO00Aclopsj6MoYhfJl5zA4vjAai9KjgclQTFZa/DC0vQjgKAHHKGT5oMHgjiq/G7L6P1/UfwYnw==",
      "optional": true
    },
    "@next/swc-win32-ia32-msvc": {
      "version": "12.1.2",
      "resolved": "https://registry.npmjs.org/@next/swc-win32-ia32-msvc/-/swc-win32-ia32-msvc-12.1.2.tgz",
      "integrity": "sha512-wnVDGIVz2pR3vIkyN6IE+1NvMSBrBj1jba11iR16m8TAPzZH/PrNsxr0a9N5VavEXXLcQpoUVvT+N7nflbRAHg==",
      "optional": true
    },
    "@next/swc-win32-x64-msvc": {
      "version": "12.1.2",
      "resolved": "https://registry.npmjs.org/@next/swc-win32-x64-msvc/-/swc-win32-x64-msvc-12.1.2.tgz",
      "integrity": "sha512-MLNcurEpQp0+7OU9261f7PkN52xTGkfrt4IYTIXau7DO/aHj927oK6piIJdl9EOHdX/KN5W6qlyErj170PSHtw==",
      "optional": true
    },
    "caniuse-lite": {
      "version": "1.0.30001303",
      "resolved": "https://registry.npmjs.org/caniuse-lite/-/caniuse-lite-1.0.30001303.tgz",
      "integrity": "sha512-/Mqc1oESndUNszJP0kx0UaQU9kEv9nNtJ7Kn8AdA0mNnH8eR1cj0kG+NbNuC1Wq/b21eA8prhKRA3bbkjONegQ=="
    },
    "chart.js": {
      "version": "3.5.1",
      "resolved": "https://registry.npmjs.org/chart.js/-/chart.js-3.5.1.tgz",
      "integrity": "sha512-m5kzt72I1WQ9LILwQC4syla/LD/N413RYv2Dx2nnTkRS9iv/ey1xLTt0DnPc/eWV4zI+BgEgDYBIzbQhZHc/PQ=="
    },
    "js-tokens": {
      "version": "4.0.0",
      "resolved": "https://registry.npmjs.org/js-tokens/-/js-tokens-4.0.0.tgz",
      "integrity": "sha512-RdJUflcE3cUzKiMqQgsCu06FPu9UdIJO0beYbPhHN4k6apgJtifcoCtT9bcxOpYBtpD2kCM6Sbzg4CausW/PKQ=="
    },
    "loose-envify": {
      "version": "1.4.0",
      "resolved": "https://registry.npmjs.org/loose-envify/-/loose-envify-1.4.0.tgz",
      "integrity": "sha512-lyuxPGr/Wfhrlem2CL/UcnUc1zcqKAImBDzukY7Y5F/yQiNdko6+fRLevlw1HgMySw7f611UIY408EtxRSoK3Q==",
      "requires": {
        "js-tokens": "^3.0.0 || ^4.0.0"
      }
    },
    "nanoid": {
      "version": "3.2.0",
      "resolved": "https://registry.npmjs.org/nanoid/-/nanoid-3.2.0.tgz",
      "integrity": "sha512-fmsZYa9lpn69Ad5eDn7FMcnnSR+8R34W9qJEijxYhTbfOWzr22n1QxCMzXLK+ODyW2973V3Fux959iQoUxzUIA=="
    },
    "next": {
      "version": "12.1.2",
      "resolved": "https://registry.npmjs.org/next/-/next-12.1.2.tgz",
      "integrity": "sha512-JHPCsnFTBO0Z4SQxSYc611UA1WA+r/3y3Neg66AH5/gSO/oksfRnFw/zGX/FZ9+oOUHS9y3wJFawNpVYR2gJSQ==",
      "requires": {
        "@next/env": "12.1.2",
        "@next/swc-android-arm-eabi": "12.1.2",
        "@next/swc-android-arm64": "12.1.2",
        "@next/swc-darwin-arm64": "12.1.2",
        "@next/swc-darwin-x64": "12.1.2",
        "@next/swc-linux-arm-gnueabihf": "12.1.2",
        "@next/swc-linux-arm64-gnu": "12.1.2",
        "@next/swc-linux-arm64-musl": "12.1.2",
        "@next/swc-linux-x64-gnu": "12.1.2",
        "@next/swc-linux-x64-musl": "12.1.2",
        "@next/swc-win32-arm64-msvc": "12.1.2",
        "@next/swc-win32-ia32-msvc": "12.1.2",
        "@next/swc-win32-x64-msvc": "12.1.2",
        "caniuse-lite": "^1.0.30001283",
        "postcss": "8.4.5",
        "styled-jsx": "5.0.1",
        "use-subscription": "1.5.1"
      },
      "dependencies": {
        "use-subscription": {
          "version": "1.5.1",
          "resolved": "https://registry.npmjs.org/use-subscription/-/use-subscription-1.5.1.tgz",
          "integrity": "sha512-Xv2a1P/yReAjAbhylMfFplFKj9GssgTwN7RlcTxBujFQcloStWNDQdc4g4NRWH9xS4i/FDk04vQBptAXoF3VcA==",
          "requires": {
            "object-assign": "^4.1.1"
          }
        }
      }
    },
    "object-assign": {
      "version": "4.1.1",
      "resolved": "https://registry.npmjs.org/object-assign/-/object-assign-4.1.1.tgz",
      "integrity": "sha1-IQmtx5ZYh8/AXLvUQsrIv7s2CGM="
    },
    "picocolors": {
      "version": "1.0.0",
      "resolved": "https://registry.npmjs.org/picocolors/-/picocolors-1.0.0.tgz",
      "integrity": "sha512-1fygroTLlHu66zi26VoTDv8yRgm0Fccecssto+MhsZ0D/DGW2sm8E8AjW7NU5VVTRt5GxbeZ5qBuJr+HyLYkjQ=="
    },
    "postcss": {
      "version": "8.4.5",
      "resolved": "https://registry.npmjs.org/postcss/-/postcss-8.4.5.tgz",
      "integrity": "sha512-jBDboWM8qpaqwkMwItqTQTiFikhs/67OYVvblFFTM7MrZjt6yMKd6r2kgXizEbTTljacm4NldIlZnhbjr84QYg==",
      "requires": {
        "nanoid": "^3.1.30",
        "picocolors": "^1.0.0",
        "source-map-js": "^1.0.1"
      }
    },
    "prettier": {
      "version": "2.6.1",
      "resolved": "https://registry.npmjs.org/prettier/-/prettier-2.6.1.tgz",
      "integrity": "sha512-8UVbTBYGwN37Bs9LERmxCPjdvPxlEowx2urIL6urHzdb3SDq4B/Z6xLFCblrSnE4iKWcS6ziJ3aOYrc1kz/E2A==",
      "dev": true
    },
    "react": {
      "version": "18.0.0",
      "resolved": "https://registry.npmjs.org/react/-/react-18.0.0.tgz",
      "integrity": "sha512-x+VL6wbT4JRVPm7EGxXhZ8w8LTROaxPXOqhlGyVSrv0sB1jkyFGgXxJ8LVoPRLvPR6/CIZGFmfzqUa2NYeMr2A==",
      "requires": {
        "loose-envify": "^1.1.0"
      }
    },
    "react-chartjs-2": {
      "version": "4.0.1",
      "resolved": "https://registry.npmjs.org/react-chartjs-2/-/react-chartjs-2-4.0.1.tgz",
      "integrity": "sha512-q8bgWzKoFvBvD7YcjT/hXG8jt55TaMAuJ1dmI3tKFJ7CijUWYz4pIfOhkTI6PBTwqu/pmeWsClBRd/7HiWzN1g==",
      "requires": {}
    },
    "react-dom": {
      "version": "18.0.0",
      "resolved": "https://registry.npmjs.org/react-dom/-/react-dom-18.0.0.tgz",
      "integrity": "sha512-XqX7uzmFo0pUceWFCt7Gff6IyIMzFUn7QMZrbrQfGxtaxXZIcGQzoNpRLE3fQLnS4XzLLPMZX2T9TRcSrasicw==",
      "requires": {
        "loose-envify": "^1.1.0",
        "scheduler": "^0.21.0"
      }
    },
    "scheduler": {
      "version": "0.21.0",
      "resolved": "https://registry.npmjs.org/scheduler/-/scheduler-0.21.0.tgz",
      "integrity": "sha512-1r87x5fz9MXqswA2ERLo0EbOAU74DpIUO090gIasYTqlVoJeMcl+Z1Rg7WHz+qtPujhS/hGIt9kxZOYBV3faRQ==",
      "requires": {
        "loose-envify": "^1.1.0"
      }
    },
    "source-map-js": {
      "version": "1.0.2",
      "resolved": "https://registry.npmjs.org/source-map-js/-/source-map-js-1.0.2.tgz",
      "integrity": "sha512-R0XvVJ9WusLiqTCEiGCmICCMplcCkIwwR11mOSD9CR5u+IXYdiseeEuXCVAjS54zqwkLcPNnmU4OeJ6tUrWhDw=="
    },
    "styled-jsx": {
      "version": "5.0.1",
      "resolved": "https://registry.npmjs.org/styled-jsx/-/styled-jsx-5.0.1.tgz",
      "integrity": "sha512-+PIZ/6Uk40mphiQJJI1202b+/dYeTVd9ZnMPR80pgiWbjIwvN2zIp4r9et0BgqBuShh48I0gttPlAXA7WVvBxw==",
      "requires": {}
    }
  }
}
